
Microsoft Visual Studio Solution File, Format Version 12.00
# Visual Studio Version 17
VisualStudioVersion = 17.3.32825.248
MinimumVisualStudioVersion = 10.0.40219.1
Project("{9A19103F-16F7-4668-BE54-9A1E7A4F7556}") = "Harp.VestibularH1", "Harp.VestibularH1\Harp.VestibularH1.csproj", "{DB0823F7-8BD1-45D7-BC97-DEE087F57F13}"
EndProject
Global
	GlobalSection(SolutionConfigurationPlatforms) = preSolution
		Debug|Any CPU = Debug|Any CPU
		Release|Any CPU = Release|Any CPU
	EndGlobalSection
	GlobalSection(ProjectConfigurationPlatforms) = postSolution
		{DB0823F7-8BD1-45D7-BC97-DEE087F57F13}.Debug|Any CPU.ActiveCfg = Debug|Any CPU
		{DB0823F7-8BD1-45D7-BC97-DEE087F57F13}.Debug|Any CPU.Build.0 = Debug|Any CPU
		{DB0823F7-8BD1-45D7-BC97-DEE087F57F13}.Release|Any CPU.ActiveCfg = Release|Any CPU
		{DB0823F7-8BD1-45D7-BC97-DEE087F57F13}.Release|Any CPU.Build.0 = Release|Any CPU
	EndGlobalSection
	GlobalSection(SolutionProperties) = preSolution
		HideSolutionNode = FALSE
	EndGlobalSection
	GlobalSection(ExtensibilityGlobals) = postSolution
		SolutionGuid = {AE996A52-39DE-4030-9A32-D95C526C6221}
	EndGlobalSection
EndGlobal
